<?xml version="1.0" encoding="utf-8"?>
<Project ToolsVersion="4.0" xmlns="http://schemas.microsoft.com/developer/msbuild/2003">
  <ItemGroup>
    <ClCompile Include="Application\Application.cpp" />
    <ClCompile Include="Application\Helper.cpp" />
    <ClCompile Include="C# Mono\mono_handler.cpp" />
    <ClCompile Include="ECS\Hierachy.cpp" />
    <ClCompile Include="ECS\Layers.cpp" />
    <ClCompile Include="ECS\System\CameraSystem.cpp" />
    <ClCompile Include="Editor\EditorCamera.cpp" />
    <ClCompile Include="ECS\System\LogicSystem.cpp" />
    <ClCompile Include="Editor\ImGui Panels\imgui_component_window.cpp" />
    <ClCompile Include="Editor\ImGui Panels\imgui_Gizmo.cpp" />
    <ClCompile Include="Editor\ImGui Panels\imgui_handler.cpp" />
    <ClCompile Include="Editor\ImGui Panels\imgui_hierarchy_window.cpp" />
    <ClCompile Include="Editor\ImGui Panels\imgui_layer_panel.cpp" />
    <ClCompile Include="Editor\ImGui Panels\imgui_logs_window.cpp" />
    <ClCompile Include="Editor\ImGui Panels\imgui_menubar.cpp" />
    <ClCompile Include="Editor\ImGui Panels\imgui_performance_window.cpp" />
    <ClCompile Include="Editor\ImGui Panels\imgui_render_window.cpp" />
    <ClCompile Include="Editor\ImGui Panels\imgui_test_panel.cpp" />
    <ClCompile Include="Editor\ImGui Panels\imgui__input_window.cpp" />
    <ClCompile Include="Application\main.cpp" />
    <ClCompile Include="Application\Window.cpp" />
    <ClCompile Include="De&amp;Serialization\json_handler.cpp" />
    <ClCompile Include="Debugging\Logging.cpp" />
    <ClCompile Include="Debugging\Performance.cpp" />
    <ClCompile Include="Dependencies\backward\backward.cpp" />
    <ClCompile Include="Dependencies\imgui\imgui.cpp" />
    <ClCompile Include="Dependencies\imgui\ImGuizmo.cpp" />
    <ClCompile Include="Dependencies\imgui\imgui_draw.cpp" />
    <ClCompile Include="Dependencies\imgui\imgui_impl_glfw.cpp" />
    <ClCompile Include="Dependencies\imgui\imgui_impl_opengl3.cpp" />
    <ClCompile Include="Dependencies\imgui\imgui_stdlib.cpp" />
    <ClCompile Include="Dependencies\imgui\imgui_tables.cpp" />
    <ClCompile Include="Dependencies\imgui\imgui_widgets.cpp" />
    <ClCompile Include="Dependencies\imgui\implot.cpp" />
    <ClCompile Include="Dependencies\imgui\implot_items.cpp" />
    <ClCompile Include="ECS\ECS.cpp" />
    <ClCompile Include="ECS\System\AnimationSystem.cpp" />
    <ClCompile Include="ECS\System\CollisionResponseSystem.cpp" />
    <ClCompile Include="ECS\System\CollisionSystem.cpp" />
    <ClCompile Include="ECS\System\TransformSystem.cpp" />
    <ClCompile Include="ECS\System\RenderDebugSystem.cpp" />
    <ClCompile Include="ECS\System\RenderSystem.cpp" />
    <ClCompile Include="ECS\System\RenderTextSystem.cpp" />
    <ClCompile Include="Events\Listeners.cpp" />
    <ClCompile Include="Events\MessageSystem.cpp" />
    <ClCompile Include="Graphics\GraphicsBuffers.cpp" />
    <ClCompile Include="Graphics\GraphicsCamera.cpp" />
    <ClCompile Include="Graphics\GraphicsDraw.cpp" />
    <ClCompile Include="Graphics\GraphicsMatrix.cpp" />
    <ClCompile Include="Graphics\GraphicsPipe.cpp" />
    <ClCompile Include="Graphics\GraphicsShader.cpp" />
    <ClCompile Include="Graphics\GraphicsVAO.cpp" />
    <ClCompile Include="Inputs\Input.cpp" />
    <ClCompile Include="Math\Mat2x2.cpp" />
    <ClCompile Include="Math\Mat3x3.cpp" />
    <ClCompile Include="Math\Mathlib.cpp" />
    <ClCompile Include="Math\Vector2.cpp" />
    <ClCompile Include="Math\Vector3.cpp" />
    <ClCompile Include="Physics\Physics.cpp" />
    <ClCompile Include="Physics\PhysicsCollision.cpp" />
    <ClCompile Include="Physics\PhysicsLayer.cpp" />
    <ClCompile Include="Events\EventHandler.cpp" />
    <ClCompile Include="Editor\WindowFile.cpp" />
    <ClCompile Include="ECS\System\PhysicsSystem.cpp" />
    <ClCompile Include="Editor\ImGui Panels\imgui_contentBrowser.cpp" />
    <ClCompile Include="Asset Manager\AssetManager.cpp" />
    <ClCompile Include="Asset Manager\Audio.cpp" />
    <ClCompile Include="Asset Manager\Image.cpp" />
    <ClCompile Include="Asset Manager\Prefab.cpp" />
    <ClCompile Include="Asset Manager\SceneManager.cpp" />
    <ClCompile Include="Asset Manager\Text.cpp" />
    <ClCompile Include="Editor\ImGui Panels\imgui_game_scene_window.cpp" />
    <ClCompile Include="Editor\ImGui Panels\imgui_play_pause.cpp" />
  </ItemGroup>
  <ItemGroup>
    <ClInclude Include="Application\Application.h" />
    <ClInclude Include="Application\Helper.h" />
    <ClInclude Include="C# Mono\mono_handler.h" />
    <ClInclude Include="ECS\Component\CameraComponent.h" />
    <ClInclude Include="ECS\Component\ScriptComponent.h" />
    <ClInclude Include="ECS\Hierachy.h" />
    <ClInclude Include="ECS\Layers.h" />
    <ClInclude Include="ECS\System\CameraSystem.h" />
    <ClInclude Include="Editor\EditorCamera.h" />
    <ClInclude Include="ECS\System\LogicSystem.h" />
    <ClInclude Include="Editor\ImGui Panels\imgui_handler.h" />
    <ClInclude Include="Application\json_handler.h" />
    <ClInclude Include="Application\Window.h" />
    <ClInclude Include="De&amp;Serialization\json_handler.h" />
    <ClInclude Include="Debugging\Logging.h" />
    <ClInclude Include="Debugging\Performance.h" />
    <ClInclude Include="Dependencies\backward\backward.hpp" />
    <ClInclude Include="Dependencies\imgui\imconfig.h" />
    <ClInclude Include="Dependencies\imgui\imgui.h" />
    <ClInclude Include="Dependencies\imgui\ImGuizmo.h" />
    <ClInclude Include="Dependencies\imgui\imgui_impl_glfw.h" />
    <ClInclude Include="Dependencies\imgui\imgui_impl_opengl3.h" />
    <ClInclude Include="Dependencies\imgui\imgui_impl_opengl3_loader.h" />
    <ClInclude Include="Dependencies\imgui\imgui_internal.h" />
    <ClInclude Include="Dependencies\imgui\imgui_stdlib.h" />
    <ClInclude Include="Dependencies\imgui\implot.h" />
    <ClInclude Include="Dependencies\imgui\implot_internal.h" />
    <ClInclude Include="Dependencies\imgui\imstb_rectpack.h" />
    <ClInclude Include="Dependencies\imgui\imstb_textedit.h" />
    <ClInclude Include="Dependencies\imgui\imstb_truetype.h" />
    <ClInclude Include="Dependencies\stb_image\include\stb_image.h" />
    <ClInclude Include="ECS\Component\AnimationComponent.h" />
    <ClInclude Include="ECS\Component\ColliderComponent.h" />
    <ClInclude Include="ECS\Component\Component.h" />
    <ClInclude Include="ECS\Component\ComponentList.h" />
    <ClInclude Include="ECS\Component\ComponentPool.h" />
    <ClInclude Include="ECS\Component\NameComponent.h" />
    <ClInclude Include="ECS\Component\PlayerComponent.h" />
    <ClInclude Include="ECS\Component\RigidBodyComponent.h" />
    <ClInclude Include="ECS\Component\SpriteComponent.h" />
    <ClInclude Include="ECS\Component\TextComponent.h" />
    <ClInclude Include="ECS\Component\TransformComponent.h" />
    <ClInclude Include="ECS\ECS.h" />
    <ClInclude Include="ECS\ECSList.h" />
    <ClInclude Include="ECS\System\AnimationSystem.h" />
    <ClInclude Include="ECS\System\CollisionResponseSystem.h" />
    <ClInclude Include="ECS\System\CollisionSystem.h" />
    <ClInclude Include="ECS\System\TransformSystem.h" />
    <ClInclude Include="ECS\System\RenderDebugSystem.h" />
    <ClInclude Include="ECS\System\RenderSystem.h" />
    <ClInclude Include="ECS\System\RenderTextSystem.h" />
    <ClInclude Include="ECS\System\System.h" />
    <ClInclude Include="ECS\System\SystemList.h" />
    <ClInclude Include="ECS\System\SystemType.h" />
    <ClInclude Include="Events\BaseMessage.h" />
    <ClInclude Include="Events\Listeners.h" />
    <ClInclude Include="Events\MessageSystem.h" />
    <ClInclude Include="Graphics\GraphicsCamera.h" />
    <ClInclude Include="Graphics\GraphicsPipe.h" />
    <ClInclude Include="Inputs\Input.h" />
    <ClInclude Include="Math\Mat2x2.h" />
    <ClInclude Include="Math\Mat3x3.h" />
    <ClInclude Include="Math\Mathlib.h" />
    <ClInclude Include="Math\Vector2.h" />
    <ClInclude Include="Math\Vector3.h" />
    <ClInclude Include="Physics\Physics.h" />
    <ClInclude Include="Physics\PhysicsCollision.h" />
    <ClInclude Include="Physics\PhysicsLayer.h" />
    <ClInclude Include="Events\BaseEvent.h" />
    <ClInclude Include="Events\ButtonEvent.h" />
    <ClInclude Include="Events\EventHandler.h" />
    <ClInclude Include="Events\KeyEvent.h" />
    <ClInclude Include="Events\MouseEvent.h" />
    <ClInclude Include="Editor\WindowFile.h" />
    <ClInclude Include="ECS\System\PhysicsSystem.h" />
    <ClInclude Include="Asset Manager\AssetManager.h" />
    <ClInclude Include="Asset Manager\Audio.h" />
    <ClInclude Include="Asset Manager\Image.h" />
    <ClInclude Include="Asset Manager\Prefab.h" />
    <ClInclude Include="Asset Manager\SceneManager.h" />
    <ClInclude Include="Asset Manager\Text.h" />
    <ClInclude Include="Asset Manager\Reflection.h" />
    <ClInclude Include="ECS\Component\ConvertComponent.h" />
  </ItemGroup>
  <ItemGroup>
    <None Include="Graphics\debugFragmentShader.frag" />
    <None Include="Graphics\debugVertexShader.vert" />
    <None Include="Graphics\frameAccumulationFragmentShader.frag" />
    <None Include="Graphics\frameBufferFragmentShader.frag" />
    <None Include="Graphics\frameCompositionFragmentShader.frag" />
    <None Include="Graphics\genericFragmentShader.frag" />
    <None Include="Graphics\genericVertexShader.vert" />
    <None Include="Graphics\frameBufferVertexShader.vert" />
    <None Include="Graphics\textFragmentShader.frag" />
    <None Include="Graphics\textVertexShader.vert" />
  </ItemGroup>
</Project>