<?xml version="1.0" encoding="utf-8"?>
<Project ToolsVersion="4.0" xmlns="http://schemas.microsoft.com/developer/msbuild/2003">
  <ItemGroup>
    <Filter Include="Source Files">
      <UniqueIdentifier>{4FC737F1-C7A5-4376-A066-2A32D752A2FF}</UniqueIdentifier>
      <Extensions>cpp;c;cc;cxx;c++;cppm;ixx;def;odl;idl;hpj;bat;asm;asmx</Extensions>
    </Filter>
    <Filter Include="Header Files">
      <UniqueIdentifier>{93995380-89BD-4b04-88EB-625FBE52EBFB}</UniqueIdentifier>
      <Extensions>h;hh;hpp;hxx;h++;hm;inl;inc;ipp;xsd</Extensions>
    </Filter>
    <Filter Include="Resource Files">
      <UniqueIdentifier>{67DA6AB6-F800-4c08-8B7A-83BB121AAD01}</UniqueIdentifier>
      <Extensions>rc;ico;cur;bmp;dlg;rc2;rct;bin;rgs;gif;jpg;jpeg;jpe;resx;tiff;tif;png;wav;mfcribbon-ms</Extensions>
    </Filter>
    <Filter Include="Source Files\Imgui">
      <UniqueIdentifier>{31091e89-c467-44c3-b572-360d5db0a97a}</UniqueIdentifier>
    </Filter>
    <Filter Include="Source Files\Math">
      <UniqueIdentifier>{308de028-bba7-4b4c-a5ba-0f5c5af46af0}</UniqueIdentifier>
    </Filter>
    <Filter Include="Source Files\Application">
      <UniqueIdentifier>{3617858b-21ab-43ce-a78f-f96d8a6a9154}</UniqueIdentifier>
    </Filter>
    <Filter Include="Source Files\Graphics">
      <UniqueIdentifier>{474c427d-167a-4ad3-8089-58eccad83470}</UniqueIdentifier>
    </Filter>
    <Filter Include="Header Files\Imgui">
      <UniqueIdentifier>{524d650b-f574-48af-859e-3335a7c0e7a6}</UniqueIdentifier>
    </Filter>
    <Filter Include="Header Files\Graphics">
      <UniqueIdentifier>{e893c5db-49dd-4d60-94b2-89072733144c}</UniqueIdentifier>
    </Filter>
    <Filter Include="Header Files\Math">
      <UniqueIdentifier>{8e401163-cacc-4808-a6c2-6822dc26d063}</UniqueIdentifier>
    </Filter>
    <Filter Include="Header Files\Application">
      <UniqueIdentifier>{e279d1f0-4f0a-42cb-92d3-227284f734a0}</UniqueIdentifier>
    </Filter>
    <Filter Include="Source Files\ECS">
      <UniqueIdentifier>{955d7cde-1426-4e05-864a-bc6df8420acb}</UniqueIdentifier>
    </Filter>
    <Filter Include="Header Files\ECS">
      <UniqueIdentifier>{8586fb52-bcfd-4187-bd83-37c116217b89}</UniqueIdentifier>
    </Filter>
    <Filter Include="Header Files\ECS\Component">
      <UniqueIdentifier>{9314befd-8bc0-42bf-bddb-89f9574bae13}</UniqueIdentifier>
    </Filter>
    <Filter Include="Header Files\ECS\System">
      <UniqueIdentifier>{51e7f386-763c-4f6d-8531-bec36f49dc00}</UniqueIdentifier>
    </Filter>
    <Filter Include="Source Files\ECS\System">
      <UniqueIdentifier>{7d862d57-494a-488c-acf8-0ab86a262b9d}</UniqueIdentifier>
    </Filter>
<<<<<<< HEAD
=======
    <Filter Include="Header Files\Events">
      <UniqueIdentifier>{df8aa6d1-f2b9-45c8-9588-5dd5cbb61082}</UniqueIdentifier>
    </Filter>
>>>>>>> previous
    <Filter Include="Header Files\Phyisc">
      <UniqueIdentifier>{08680b2c-947a-44d9-94dc-251ba73e9ec7}</UniqueIdentifier>
    </Filter>
    <Filter Include="Source Files\Phyisc">
      <UniqueIdentifier>{83adc175-400f-4197-80e7-552ce7be419c}</UniqueIdentifier>
    </Filter>
    <Filter Include="Source Files\Assets">
      <UniqueIdentifier>{fe211503-145b-4469-8243-6d33edf0bb65}</UniqueIdentifier>
    </Filter>
    <Filter Include="Header Files\Assets">
      <UniqueIdentifier>{b0f4c1b4-75f4-42c0-b690-9859577ed47a}</UniqueIdentifier>
    </Filter>
  </ItemGroup>
  <ItemGroup>
    <ClCompile Include="Dependencies\imgui\imgui_widgets.cpp">
      <Filter>Source Files\Imgui</Filter>
    </ClCompile>
    <ClCompile Include="Dependencies\imgui\imgui.cpp">
      <Filter>Source Files\Imgui</Filter>
    </ClCompile>
    <ClCompile Include="Dependencies\imgui\imgui_demo.cpp">
      <Filter>Source Files\Imgui</Filter>
    </ClCompile>
    <ClCompile Include="Dependencies\imgui\imgui_draw.cpp">
      <Filter>Source Files\Imgui</Filter>
    </ClCompile>
    <ClCompile Include="Dependencies\imgui\imgui_impl_glfw.cpp">
      <Filter>Source Files\Imgui</Filter>
    </ClCompile>
    <ClCompile Include="Dependencies\imgui\imgui_impl_opengl3.cpp">
      <Filter>Source Files\Imgui</Filter>
    </ClCompile>
    <ClCompile Include="Dependencies\imgui\imgui_stdlib.cpp">
      <Filter>Source Files\Imgui</Filter>
    </ClCompile>
    <ClCompile Include="Dependencies\imgui\imgui_tables.cpp">
      <Filter>Source Files\Imgui</Filter>
    </ClCompile>
    <ClCompile Include="Math\Mat2x2.cpp">
      <Filter>Source Files\Math</Filter>
    </ClCompile>
    <ClCompile Include="Math\Mat3x3.cpp">
      <Filter>Source Files\Math</Filter>
    </ClCompile>
    <ClCompile Include="Graphics\Graphics.cpp">
      <Filter>Source Files\Graphics</Filter>
    </ClCompile>
    <ClCompile Include="Application\imgui_handler.cpp">
      <Filter>Source Files\Application</Filter>
    </ClCompile>
    <ClCompile Include="ECS\ECS.cpp">
      <Filter>Source Files\ECS</Filter>
    </ClCompile>
    <ClCompile Include="ECS\System\CollisionSystem.cpp">
      <Filter>Source Files\ECS\System</Filter>
    </ClCompile>
    <ClCompile Include="ECS\System\MovementSystem.cpp">
      <Filter>Source Files\ECS\System</Filter>
    </ClCompile>
    <ClCompile Include="Application\imgui_hierarchy_window.cpp">
      <Filter>Source Files\Application</Filter>
    </ClCompile>
    <ClCompile Include="ECS\System\RenderSystem.cpp">
      <Filter>Source Files\ECS\System</Filter>
    </ClCompile>
    <ClCompile Include="Graphics\GraphicsPipe.cpp">
      <Filter>Source Files\Graphics</Filter>
    </ClCompile>
    <ClCompile Include="Application\Application.cpp">
      <Filter>Source Files\Application</Filter>
    </ClCompile>
    <ClCompile Include="Application\Window.cpp">
      <Filter>Source Files\Application</Filter>
    </ClCompile>
    <ClCompile Include="Phyiscs.cpp">
      <Filter>Source Files\Phyisc</Filter>
    </ClCompile>
    <ClCompile Include="Math\mathlib.cpp">
      <Filter>Source Files\Math</Filter>
    </ClCompile>
    <ClCompile Include="Math\vector2.cpp">
      <Filter>Source Files\Math</Filter>
    </ClCompile>
    <ClCompile Include="Application\imgui_component_window.cpp">
      <Filter>Source Files\Application</Filter>
    </ClCompile>
    <ClCompile Include="Application\main.cpp">
      <Filter>Source Files\Application</Filter>
    </ClCompile>
    <ClCompile Include="Application\json_handler.cpp">
      <Filter>Source Files\Application</Filter>
    </ClCompile>
    <ClCompile Include="Assets\AssetManager.cpp">
      <Filter>Source Files\Assets</Filter>
    </ClCompile>
<<<<<<< HEAD
=======
    <ClCompile Include="baseInput.cpp">
      <Filter>Source Files\Input</Filter>
    </ClCompile>
>>>>>>> previous
  </ItemGroup>
  <ItemGroup>
    <ClInclude Include="Dependencies\imgui\imconfig.h">
      <Filter>Header Files\Imgui</Filter>
    </ClInclude>
    <ClInclude Include="Dependencies\imgui\imgui.h">
      <Filter>Header Files\Imgui</Filter>
    </ClInclude>
    <ClInclude Include="Dependencies\imgui\imgui_impl_glfw.h">
      <Filter>Header Files\Imgui</Filter>
    </ClInclude>
    <ClInclude Include="Dependencies\imgui\imgui_impl_opengl3.h">
      <Filter>Header Files\Imgui</Filter>
    </ClInclude>
    <ClInclude Include="Dependencies\imgui\imgui_impl_opengl3_loader.h">
      <Filter>Header Files\Imgui</Filter>
    </ClInclude>
    <ClInclude Include="Dependencies\imgui\imgui_internal.h">
      <Filter>Header Files\Imgui</Filter>
    </ClInclude>
    <ClInclude Include="Dependencies\imgui\imgui_stdlib.h">
      <Filter>Header Files\Imgui</Filter>
    </ClInclude>
    <ClInclude Include="Dependencies\imgui\imstb_rectpack.h">
      <Filter>Header Files\Imgui</Filter>
    </ClInclude>
    <ClInclude Include="Dependencies\imgui\imstb_textedit.h">
      <Filter>Header Files\Imgui</Filter>
    </ClInclude>
    <ClInclude Include="Dependencies\imgui\imstb_truetype.h">
      <Filter>Header Files\Imgui</Filter>
    </ClInclude>
    <ClInclude Include="Graphics\Graphics.h">
      <Filter>Header Files\Graphics</Filter>
    </ClInclude>
    <ClInclude Include="Math\Mat2x2.h">
      <Filter>Header Files\Math</Filter>
    </ClInclude>
    <ClInclude Include="Math\Mat3x3.h">
      <Filter>Header Files\Math</Filter>
    </ClInclude>
    <ClInclude Include="Application\imgui_handler.h">
      <Filter>Header Files\Application</Filter>
    </ClInclude>
    <ClInclude Include="ECS\Component\CollisionComponent.h">
      <Filter>Header Files\ECS\Component</Filter>
    </ClInclude>
    <ClInclude Include="ECS\Component\Component.h">
      <Filter>Header Files\ECS\Component</Filter>
    </ClInclude>
    <ClInclude Include="ECS\Component\ComponentPool.h">
      <Filter>Header Files\ECS\Component</Filter>
    </ClInclude>
    <ClInclude Include="ECS\Component\MovementComponent.h">
      <Filter>Header Files\ECS\Component</Filter>
    </ClInclude>
    <ClInclude Include="ECS\System\CollisionSystem.h">
      <Filter>Header Files\ECS\System</Filter>
    </ClInclude>
    <ClInclude Include="ECS\ECS.h">
      <Filter>Header Files\ECS</Filter>
    </ClInclude>
    <ClInclude Include="ECS\ECSList.h">
      <Filter>Header Files\ECS</Filter>
    </ClInclude>
    <ClInclude Include="ECS\Component\TransformComponent.h">
      <Filter>Header Files\ECS\Component</Filter>
    </ClInclude>
    <ClInclude Include="ECS\System\System.h">
      <Filter>Header Files\ECS\System</Filter>
    </ClInclude>
    <ClInclude Include="ECS\System\SystemList.h">
      <Filter>Header Files\ECS\System</Filter>
    </ClInclude>
    <ClInclude Include="ECS\System\MovementSystem.h">
      <Filter>Header Files\ECS\System</Filter>
    </ClInclude>
    <ClInclude Include="ECS\Component\SpriteComponent.h">
      <Filter>Header Files\ECS\Component</Filter>
    </ClInclude>
    <ClInclude Include="ECS\Component\ComponentList.h">
      <Filter>Header Files\ECS\Component</Filter>
    </ClInclude>
    <ClInclude Include="ECS\System\RenderSystem.h">
      <Filter>Header Files\ECS\System</Filter>
    </ClInclude>
    <ClInclude Include="Graphics\GraphicsPipe.h">
      <Filter>Header Files\Graphics</Filter>
    </ClInclude>
<<<<<<< HEAD
=======
    <ClInclude Include="Events\mouseEvents.h">
      <Filter>Header Files\Events</Filter>
    </ClInclude>
    <ClInclude Include="Events\windowEvents.h">
      <Filter>Header Files\Events</Filter>
    </ClInclude>
    <ClInclude Include="Events\keyEvents.h">
      <Filter>Header Files\Events</Filter>
    </ClInclude>
    <ClInclude Include="Events\baseEvent.h">
      <Filter>Header Files\Events</Filter>
    </ClInclude>
>>>>>>> previous
    <ClInclude Include="Application\Application.h">
      <Filter>Header Files\Application</Filter>
    </ClInclude>
    <ClInclude Include="Application\Window.h">
      <Filter>Header Files\Application</Filter>
    </ClInclude>
    <ClInclude Include="Physics.h">
      <Filter>Header Files\Phyisc</Filter>
    </ClInclude>
    <ClInclude Include="Math\mathlib.h">
      <Filter>Header Files\Math</Filter>
    </ClInclude>
    <ClInclude Include="Math\vector2.h">
      <Filter>Header Files\Math</Filter>
    </ClInclude>
    <ClInclude Include="Application\json_handler.h">
      <Filter>Header Files</Filter>
    </ClInclude>
    <ClInclude Include="Dependencies\stb_image\include\stb_image.h">
      <Filter>Header Files</Filter>
    </ClInclude>
    <ClInclude Include="Assets\AssetManager.h">
      <Filter>Header Files\Assets</Filter>
    </ClInclude>
<<<<<<< HEAD
=======
    <ClInclude Include="Application\baseInput.h">
      <Filter>Header Files\Input</Filter>
    </ClInclude>
>>>>>>> previous
  </ItemGroup>
  <ItemGroup>
    <None Include="Graphics\genericFragmentShader.frag">
      <Filter>Header Files\Graphics</Filter>
    </None>
    <None Include="Graphics\genericVertexShader.vert">
      <Filter>Header Files\Graphics</Filter>
    </None>
    <None Include="Json Texts\components.json" />
  </ItemGroup>
</Project>